// !$*UTF8*$!
{
	archiveVersion = 1;
	classes = {
	};
	objectVersion = 50;
	objects = {

/* Begin PBXBuildFile section */
		7F01D5EB21421CF2003DE8AC /* TwelveViewController.m in Sources */ = {isa = PBXBuildFile; fileRef = 7F01D5EA21421CF2003DE8AC /* TwelveViewController.m */; };
		7F08DA86213D0C57001C3331 /* EightViewController.m in Sources */ = {isa = PBXBuildFile; fileRef = 7F08DA85213D0C57001C3331 /* EightViewController.m */; };
		7F08DA89213D0C8F001C3331 /* ThreeModel.m in Sources */ = {isa = PBXBuildFile; fileRef = 7F08DA88213D0C8F001C3331 /* ThreeModel.m */; };
		7F1991BF215CB598002A4A73 /* TwenrtyfiveViewController.m in Sources */ = {isa = PBXBuildFile; fileRef = 7F1991BE215CB598002A4A73 /* TwenrtyfiveViewController.m */; };
		7F344CF9214655670082CBA0 /* Thirteen ViewController.m in Sources */ = {isa = PBXBuildFile; fileRef = 7F344CF8214655670082CBA0 /* Thirteen ViewController.m */; };
		7F36B64D213501B8000B719E /* FourViewController.m in Sources */ = {isa = PBXBuildFile; fileRef = 7F36B64C213501B8000B719E /* FourViewController.m */; };
		7F4F4F0D2148F92400993AEF /* SixteenViewController.m in Sources */ = {isa = PBXBuildFile; fileRef = 7F4F4F0C2148F92400993AEF /* SixteenViewController.m */; };
		7F4FF7EE21549BB4001F9329 /* TwenrtytwoViewController.m in Sources */ = {isa = PBXBuildFile; fileRef = 7F4FF7ED21549BB4001F9329 /* TwenrtytwoViewController.m */; };
		7F538D1C213E56B3007AAAA6 /* NineViewController.m in Sources */ = {isa = PBXBuildFile; fileRef = 7F538D1B213E56B3007AAAA6 /* NineViewController.m */; };
		7F5D04BE2159FD60000A9343 /* TwenrtythreeViewController.m in Sources */ = {isa = PBXBuildFile; fileRef = 7F5D04BD2159FD60000A9343 /* TwenrtythreeViewController.m */; };
		7F5D04C2215A23B1000A9343 /* Twenrtythree1ViewController.m in Sources */ = {isa = PBXBuildFile; fileRef = 7F5D04C1215A23B1000A9343 /* Twenrtythree1ViewController.m */; };
		7F6549E82133A6E300A92C00 /* ThreeViewController.m in Sources */ = {isa = PBXBuildFile; fileRef = 7F6549E72133A6E300A92C00 /* ThreeViewController.m */; };
		7F65F6022140C9AB00D4923F /* ElevenViewController.m in Sources */ = {isa = PBXBuildFile; fileRef = 7F65F6012140C9AB00D4923F /* ElevenViewController.m */; };
		7F706D36214F71DA0033C069 /* NineteenViewController.m in Sources */ = {isa = PBXBuildFile; fileRef = 7F706D35214F71DA0033C069 /* NineteenViewController.m */; };
		7F706D39214F7C8B0033C069 /* Nineteen_1ViewController.m in Sources */ = {isa = PBXBuildFile; fileRef = 7F706D38214F7C8B0033C069 /* Nineteen_1ViewController.m */; };
		7F7389FE21368A63004AB820 /* FiveViewController.m in Sources */ = {isa = PBXBuildFile; fileRef = 7F7389FD21368A63004AB820 /* FiveViewController.m */; };
		7F7DF3C1214A33BD007AB36E /* SeventeenViewController.m in Sources */ = {isa = PBXBuildFile; fileRef = 7F7DF3C0214A33BD007AB36E /* SeventeenViewController.m */; };
		7F7DF3C4214A4139007AB36E /* Seventeen_1ViewController.m in Sources */ = {isa = PBXBuildFile; fileRef = 7F7DF3C3214A4139007AB36E /* Seventeen_1ViewController.m */; };
		7F865AD121479D5200B6CC6A /* FourteenViewController.m in Sources */ = {isa = PBXBuildFile; fileRef = 7F865AD021479D5200B6CC6A /* FourteenViewController.m */; };
		7F865AD421479ECD00B6CC6A /* FifteenViewController.m in Sources */ = {isa = PBXBuildFile; fileRef = 7F865AD321479ECD00B6CC6A /* FifteenViewController.m */; };
		7F957511213F9CD9006FB414 /* TenViewController.m in Sources */ = {isa = PBXBuildFile; fileRef = 7F957510213F9CD9006FB414 /* TenViewController.m */; };
		7F9D037C213924600025366C /* SevenViewController.m in Sources */ = {isa = PBXBuildFile; fileRef = 7F9D037B213924600025366C /* SevenViewController.m */; };
		7F9D039B21509B4F0087818E /* TwentyViewController.m in Sources */ = {isa = PBXBuildFile; fileRef = 7F9D039A21509B4F0087818E /* TwentyViewController.m */; };
		7FAA6349215221CC003AF9E3 /* Twenty_1ViewController.m in Sources */ = {isa = PBXBuildFile; fileRef = 7FAA6348215221CC003AF9E3 /* Twenty_1ViewController.m */; };
		7FAA9587214B8DB1006A80BA /* EighteenViewController.m in Sources */ = {isa = PBXBuildFile; fileRef = 7FAA9586214B8DB1006A80BA /* EighteenViewController.m */; };
		7FAA958A214BB51D006A80BA /* Eighteen_1ViewController.m in Sources */ = {isa = PBXBuildFile; fileRef = 7FAA9589214BB51D006A80BA /* Eighteen_1ViewController.m */; };
		7FB08CE32137E8E700F37F19 /* SixViewController.m in Sources */ = {isa = PBXBuildFile; fileRef = 7FB08CE22137E8E700F37F19 /* SixViewController.m */; };
		7FB72DE8215348B400A0CA88 /* TwentyoneViewController.m in Sources */ = {isa = PBXBuildFile; fileRef = 7FB72DE7215348B400A0CA88 /* TwentyoneViewController.m */; };
		7FB72DEB21537A2800A0CA88 /* Twentyone1ViewController.m in Sources */ = {isa = PBXBuildFile; fileRef = 7FB72DEA21537A2800A0CA88 /* Twentyone1ViewController.m */; };
		7FBC56B4212FA40700632EE2 /* TwoViewController.m in Sources */ = {isa = PBXBuildFile; fileRef = 7FBC56B3212FA40700632EE2 /* TwoViewController.m */; };
		7FBC56B8212FA47400632EE2 /* two.png in Resources */ = {isa = PBXBuildFile; fileRef = 7FBC56B6212FA47400632EE2 /* two.png */; };
		7FBC56BC212FA5D800632EE2 /* OneViewController.m in Sources */ = {isa = PBXBuildFile; fileRef = 7FBC56BB212FA5D800632EE2 /* OneViewController.m */; };
		7FC3A483215B555B00468A79 /* TwenrtyfourViewController.m in Sources */ = {isa = PBXBuildFile; fileRef = 7FC3A482215B555B00468A79 /* TwenrtyfourViewController.m */; };
		7FE09529212E9B4100E1F498 /* AppDelegate.m in Sources */ = {isa = PBXBuildFile; fileRef = 7FE09528212E9B4100E1F498 /* AppDelegate.m */; };
		7FE0952C212E9B4100E1F498 /* ViewController.m in Sources */ = {isa = PBXBuildFile; fileRef = 7FE0952B212E9B4100E1F498 /* ViewController.m */; };
		7FE0952F212E9B4100E1F498 /* Main.storyboard in Resources */ = {isa = PBXBuildFile; fileRef = 7FE0952D212E9B4100E1F498 /* Main.storyboard */; };
		7FE09531212E9B4300E1F498 /* Assets.xcassets in Resources */ = {isa = PBXBuildFile; fileRef = 7FE09530212E9B4300E1F498 /* Assets.xcassets */; };
		7FE09534212E9B4300E1F498 /* LaunchScreen.storyboard in Resources */ = {isa = PBXBuildFile; fileRef = 7FE09532212E9B4300E1F498 /* LaunchScreen.storyboard */; };
		7FE09537212E9B4300E1F498 /* main.m in Sources */ = {isa = PBXBuildFile; fileRef = 7FE09536212E9B4300E1F498 /* main.m */; };
		7FE09541212E9B4300E1F498 /* suanfaDemoTests.m in Sources */ = {isa = PBXBuildFile; fileRef = 7FE09540212E9B4300E1F498 /* suanfaDemoTests.m */; };
		7FE0954C212E9B4300E1F498 /* suanfaDemoUITests.m in Sources */ = {isa = PBXBuildFile; fileRef = 7FE0954B212E9B4300E1F498 /* suanfaDemoUITests.m */; };
/* End PBXBuildFile section */

/* Begin PBXContainerItemProxy section */
		7FE0953D212E9B4300E1F498 /* PBXContainerItemProxy */ = {
			isa = PBXContainerItemProxy;
			containerPortal = 7FE0951C212E9B4100E1F498 /* Project object */;
			proxyType = 1;
			remoteGlobalIDString = 7FE09523212E9B4100E1F498;
			remoteInfo = suanfaDemo;
		};
		7FE09548212E9B4300E1F498 /* PBXContainerItemProxy */ = {
			isa = PBXContainerItemProxy;
			containerPortal = 7FE0951C212E9B4100E1F498 /* Project object */;
			proxyType = 1;
			remoteGlobalIDString = 7FE09523212E9B4100E1F498;
			remoteInfo = suanfaDemo;
		};
/* End PBXContainerItemProxy section */

/* Begin PBXFileReference section */
		7F01D5E921421CF2003DE8AC /* TwelveViewController.h */ = {isa = PBXFileReference; lastKnownFileType = sourcecode.c.h; path = TwelveViewController.h; sourceTree = "<group>"; };
		7F01D5EA21421CF2003DE8AC /* TwelveViewController.m */ = {isa = PBXFileReference; lastKnownFileType = sourcecode.c.objc; path = TwelveViewController.m; sourceTree = "<group>"; };
		7F08DA84213D0C57001C3331 /* EightViewController.h */ = {isa = PBXFileReference; lastKnownFileType = sourcecode.c.h; path = EightViewController.h; sourceTree = "<group>"; };
		7F08DA85213D0C57001C3331 /* EightViewController.m */ = {isa = PBXFileReference; lastKnownFileType = sourcecode.c.objc; path = EightViewController.m; sourceTree = "<group>"; };
		7F08DA87213D0C8F001C3331 /* ThreeModel.h */ = {isa = PBXFileReference; lastKnownFileType = sourcecode.c.h; path = ThreeModel.h; sourceTree = "<group>"; };
		7F08DA88213D0C8F001C3331 /* ThreeModel.m */ = {isa = PBXFileReference; lastKnownFileType = sourcecode.c.objc; path = ThreeModel.m; sourceTree = "<group>"; };
		7F1991BD215CB598002A4A73 /* TwenrtyfiveViewController.h */ = {isa = PBXFileReference; lastKnownFileType = sourcecode.c.h; path = TwenrtyfiveViewController.h; sourceTree = "<group>"; };
		7F1991BE215CB598002A4A73 /* TwenrtyfiveViewController.m */ = {isa = PBXFileReference; lastKnownFileType = sourcecode.c.objc; path = TwenrtyfiveViewController.m; sourceTree = "<group>"; };
		7F344CF7214655670082CBA0 /* Thirteen ViewController.h */ = {isa = PBXFileReference; lastKnownFileType = sourcecode.c.h; path = "Thirteen ViewController.h"; sourceTree = "<group>"; };
		7F344CF8214655670082CBA0 /* Thirteen ViewController.m */ = {isa = PBXFileReference; lastKnownFileType = sourcecode.c.objc; path = "Thirteen ViewController.m"; sourceTree = "<group>"; };
		7F36B64B213501B8000B719E /* FourViewController.h */ = {isa = PBXFileReference; lastKnownFileType = sourcecode.c.h; path = FourViewController.h; sourceTree = "<group>"; };
		7F36B64C213501B8000B719E /* FourViewController.m */ = {isa = PBXFileReference; lastKnownFileType = sourcecode.c.objc; path = FourViewController.m; sourceTree = "<group>"; };
		7F4F4F0B2148F92400993AEF /* SixteenViewController.h */ = {isa = PBXFileReference; lastKnownFileType = sourcecode.c.h; path = SixteenViewController.h; sourceTree = "<group>"; };
		7F4F4F0C2148F92400993AEF /* SixteenViewController.m */ = {isa = PBXFileReference; lastKnownFileType = sourcecode.c.objc; path = SixteenViewController.m; sourceTree = "<group>"; };
		7F4FF7EC21549BB4001F9329 /* TwenrtytwoViewController.h */ = {isa = PBXFileReference; lastKnownFileType = sourcecode.c.h; path = TwenrtytwoViewController.h; sourceTree = "<group>"; };
		7F4FF7ED21549BB4001F9329 /* TwenrtytwoViewController.m */ = {isa = PBXFileReference; lastKnownFileType = sourcecode.c.objc; path = TwenrtytwoViewController.m; sourceTree = "<group>"; };
		7F538D1A213E56B3007AAAA6 /* NineViewController.h */ = {isa = PBXFileReference; lastKnownFileType = sourcecode.c.h; path = NineViewController.h; sourceTree = "<group>"; };
		7F538D1B213E56B3007AAAA6 /* NineViewController.m */ = {isa = PBXFileReference; lastKnownFileType = sourcecode.c.objc; path = NineViewController.m; sourceTree = "<group>"; };
		7F5D04BC2159FD60000A9343 /* TwenrtythreeViewController.h */ = {isa = PBXFileReference; lastKnownFileType = sourcecode.c.h; path = TwenrtythreeViewController.h; sourceTree = "<group>"; };
		7F5D04BD2159FD60000A9343 /* TwenrtythreeViewController.m */ = {isa = PBXFileReference; lastKnownFileType = sourcecode.c.objc; path = TwenrtythreeViewController.m; sourceTree = "<group>"; };
		7F5D04C0215A23B1000A9343 /* Twenrtythree1ViewController.h */ = {isa = PBXFileReference; lastKnownFileType = sourcecode.c.h; path = Twenrtythree1ViewController.h; sourceTree = "<group>"; };
		7F5D04C1215A23B1000A9343 /* Twenrtythree1ViewController.m */ = {isa = PBXFileReference; lastKnownFileType = sourcecode.c.objc; path = Twenrtythree1ViewController.m; sourceTree = "<group>"; };
		7F6549E62133A6E300A92C00 /* ThreeViewController.h */ = {isa = PBXFileReference; lastKnownFileType = sourcecode.c.h; path = ThreeViewController.h; sourceTree = "<group>"; };
		7F6549E72133A6E300A92C00 /* ThreeViewController.m */ = {isa = PBXFileReference; lastKnownFileType = sourcecode.c.objc; path = ThreeViewController.m; sourceTree = "<group>"; };
		7F65F6002140C9AB00D4923F /* ElevenViewController.h */ = {isa = PBXFileReference; lastKnownFileType = sourcecode.c.h; path = ElevenViewController.h; sourceTree = "<group>"; };
		7F65F6012140C9AB00D4923F /* ElevenViewController.m */ = {isa = PBXFileReference; lastKnownFileType = sourcecode.c.objc; path = ElevenViewController.m; sourceTree = "<group>"; };
		7F706D34214F71DA0033C069 /* NineteenViewController.h */ = {isa = PBXFileReference; lastKnownFileType = sourcecode.c.h; path = NineteenViewController.h; sourceTree = "<group>"; };
		7F706D35214F71DA0033C069 /* NineteenViewController.m */ = {isa = PBXFileReference; lastKnownFileType = sourcecode.c.objc; path = NineteenViewController.m; sourceTree = "<group>"; };
		7F706D37214F7C8B0033C069 /* Nineteen_1ViewController.h */ = {isa = PBXFileReference; lastKnownFileType = sourcecode.c.h; path = Nineteen_1ViewController.h; sourceTree = "<group>"; };
		7F706D38214F7C8B0033C069 /* Nineteen_1ViewController.m */ = {isa = PBXFileReference; lastKnownFileType = sourcecode.c.objc; path = Nineteen_1ViewController.m; sourceTree = "<group>"; };
		7F7389FC21368A63004AB820 /* FiveViewController.h */ = {isa = PBXFileReference; lastKnownFileType = sourcecode.c.h; path = FiveViewController.h; sourceTree = "<group>"; };
		7F7389FD21368A63004AB820 /* FiveViewController.m */ = {isa = PBXFileReference; lastKnownFileType = sourcecode.c.objc; path = FiveViewController.m; sourceTree = "<group>"; };
		7F7DF3BF214A33BD007AB36E /* SeventeenViewController.h */ = {isa = PBXFileReference; lastKnownFileType = sourcecode.c.h; path = SeventeenViewController.h; sourceTree = "<group>"; };
		7F7DF3C0214A33BD007AB36E /* SeventeenViewController.m */ = {isa = PBXFileReference; lastKnownFileType = sourcecode.c.objc; path = SeventeenViewController.m; sourceTree = "<group>"; };
		7F7DF3C2214A4139007AB36E /* Seventeen_1ViewController.h */ = {isa = PBXFileReference; lastKnownFileType = sourcecode.c.h; path = Seventeen_1ViewController.h; sourceTree = "<group>"; };
		7F7DF3C3214A4139007AB36E /* Seventeen_1ViewController.m */ = {isa = PBXFileReference; lastKnownFileType = sourcecode.c.objc; path = Seventeen_1ViewController.m; sourceTree = "<group>"; };
		7F865ACF21479D5200B6CC6A /* FourteenViewController.h */ = {isa = PBXFileReference; lastKnownFileType = sourcecode.c.h; path = FourteenViewController.h; sourceTree = "<group>"; };
		7F865AD021479D5200B6CC6A /* FourteenViewController.m */ = {isa = PBXFileReference; lastKnownFileType = sourcecode.c.objc; path = FourteenViewController.m; sourceTree = "<group>"; };
		7F865AD221479ECD00B6CC6A /* FifteenViewController.h */ = {isa = PBXFileReference; lastKnownFileType = sourcecode.c.h; path = FifteenViewController.h; sourceTree = "<group>"; };
		7F865AD321479ECD00B6CC6A /* FifteenViewController.m */ = {isa = PBXFileReference; lastKnownFileType = sourcecode.c.objc; path = FifteenViewController.m; sourceTree = "<group>"; };
		7F95750F213F9CD9006FB414 /* TenViewController.h */ = {isa = PBXFileReference; lastKnownFileType = sourcecode.c.h; path = TenViewController.h; sourceTree = "<group>"; };
		7F957510213F9CD9006FB414 /* TenViewController.m */ = {isa = PBXFileReference; lastKnownFileType = sourcecode.c.objc; path = TenViewController.m; sourceTree = "<group>"; };
		7F9D037A213924600025366C /* SevenViewController.h */ = {isa = PBXFileReference; lastKnownFileType = sourcecode.c.h; path = SevenViewController.h; sourceTree = "<group>"; };
		7F9D037B213924600025366C /* SevenViewController.m */ = {isa = PBXFileReference; lastKnownFileType = sourcecode.c.objc; path = SevenViewController.m; sourceTree = "<group>"; };
		7F9D039921509B4F0087818E /* TwentyViewController.h */ = {isa = PBXFileReference; lastKnownFileType = sourcecode.c.h; path = TwentyViewController.h; sourceTree = "<group>"; };
		7F9D039A21509B4F0087818E /* TwentyViewController.m */ = {isa = PBXFileReference; lastKnownFileType = sourcecode.c.objc; path = TwentyViewController.m; sourceTree = "<group>"; };
		7FAA6347215221CC003AF9E3 /* Twenty_1ViewController.h */ = {isa = PBXFileReference; lastKnownFileType = sourcecode.c.h; path = Twenty_1ViewController.h; sourceTree = "<group>"; };
		7FAA6348215221CC003AF9E3 /* Twenty_1ViewController.m */ = {isa = PBXFileReference; lastKnownFileType = sourcecode.c.objc; path = Twenty_1ViewController.m; sourceTree = "<group>"; };
		7FAA9585214B8DB1006A80BA /* EighteenViewController.h */ = {isa = PBXFileReference; lastKnownFileType = sourcecode.c.h; path = EighteenViewController.h; sourceTree = "<group>"; };
		7FAA9586214B8DB1006A80BA /* EighteenViewController.m */ = {isa = PBXFileReference; lastKnownFileType = sourcecode.c.objc; path = EighteenViewController.m; sourceTree = "<group>"; };
		7FAA9588214BB51D006A80BA /* Eighteen_1ViewController.h */ = {isa = PBXFileReference; lastKnownFileType = sourcecode.c.h; path = Eighteen_1ViewController.h; sourceTree = "<group>"; };
		7FAA9589214BB51D006A80BA /* Eighteen_1ViewController.m */ = {isa = PBXFileReference; lastKnownFileType = sourcecode.c.objc; path = Eighteen_1ViewController.m; sourceTree = "<group>"; };
		7FB08CE12137E8E700F37F19 /* SixViewController.h */ = {isa = PBXFileReference; lastKnownFileType = sourcecode.c.h; path = SixViewController.h; sourceTree = "<group>"; };
		7FB08CE22137E8E700F37F19 /* SixViewController.m */ = {isa = PBXFileReference; lastKnownFileType = sourcecode.c.objc; path = SixViewController.m; sourceTree = "<group>"; };
		7FB72DE6215348B400A0CA88 /* TwentyoneViewController.h */ = {isa = PBXFileReference; lastKnownFileType = sourcecode.c.h; path = TwentyoneViewController.h; sourceTree = "<group>"; };
		7FB72DE7215348B400A0CA88 /* TwentyoneViewController.m */ = {isa = PBXFileReference; lastKnownFileType = sourcecode.c.objc; path = TwentyoneViewController.m; sourceTree = "<group>"; };
		7FB72DE921537A2800A0CA88 /* Twentyone1ViewController.h */ = {isa = PBXFileReference; lastKnownFileType = sourcecode.c.h; path = Twentyone1ViewController.h; sourceTree = "<group>"; };
		7FB72DEA21537A2800A0CA88 /* Twentyone1ViewController.m */ = {isa = PBXFileReference; lastKnownFileType = sourcecode.c.objc; path = Twentyone1ViewController.m; sourceTree = "<group>"; };
		7FBC56B2212FA40700632EE2 /* TwoViewController.h */ = {isa = PBXFileReference; lastKnownFileType = sourcecode.c.h; path = TwoViewController.h; sourceTree = "<group>"; };
		7FBC56B3212FA40700632EE2 /* TwoViewController.m */ = {isa = PBXFileReference; lastKnownFileType = sourcecode.c.objc; path = TwoViewController.m; sourceTree = "<group>"; };
		7FBC56B6212FA47400632EE2 /* two.png */ = {isa = PBXFileReference; lastKnownFileType = image.png; path = two.png; sourceTree = "<group>"; };
		7FBC56BA212FA5D800632EE2 /* OneViewController.h */ = {isa = PBXFileReference; lastKnownFileType = sourcecode.c.h; path = OneViewController.h; sourceTree = "<group>"; };
		7FBC56BB212FA5D800632EE2 /* OneViewController.m */ = {isa = PBXFileReference; lastKnownFileType = sourcecode.c.objc; path = OneViewController.m; sourceTree = "<group>"; };
		7FC3A481215B555B00468A79 /* TwenrtyfourViewController.h */ = {isa = PBXFileReference; lastKnownFileType = sourcecode.c.h; path = TwenrtyfourViewController.h; sourceTree = "<group>"; };
		7FC3A482215B555B00468A79 /* TwenrtyfourViewController.m */ = {isa = PBXFileReference; lastKnownFileType = sourcecode.c.objc; path = TwenrtyfourViewController.m; sourceTree = "<group>"; };
		7FE09524212E9B4100E1F498 /* suanfaDemo.app */ = {isa = PBXFileReference; explicitFileType = wrapper.application; includeInIndex = 0; path = suanfaDemo.app; sourceTree = BUILT_PRODUCTS_DIR; };
		7FE09527212E9B4100E1F498 /* AppDelegate.h */ = {isa = PBXFileReference; lastKnownFileType = sourcecode.c.h; path = AppDelegate.h; sourceTree = "<group>"; };
		7FE09528212E9B4100E1F498 /* AppDelegate.m */ = {isa = PBXFileReference; lastKnownFileType = sourcecode.c.objc; path = AppDelegate.m; sourceTree = "<group>"; };
		7FE0952A212E9B4100E1F498 /* ViewController.h */ = {isa = PBXFileReference; lastKnownFileType = sourcecode.c.h; path = ViewController.h; sourceTree = "<group>"; };
		7FE0952B212E9B4100E1F498 /* ViewController.m */ = {isa = PBXFileReference; lastKnownFileType = sourcecode.c.objc; path = ViewController.m; sourceTree = "<group>"; };
		7FE0952E212E9B4100E1F498 /* Base */ = {isa = PBXFileReference; lastKnownFileType = file.storyboard; name = Base; path = Base.lproj/Main.storyboard; sourceTree = "<group>"; };
		7FE09530212E9B4300E1F498 /* Assets.xcassets */ = {isa = PBXFileReference; lastKnownFileType = folder.assetcatalog; path = Assets.xcassets; sourceTree = "<group>"; };
		7FE09533212E9B4300E1F498 /* Base */ = {isa = PBXFileReference; lastKnownFileType = file.storyboard; name = Base; path = Base.lproj/LaunchScreen.storyboard; sourceTree = "<group>"; };
		7FE09535212E9B4300E1F498 /* Info.plist */ = {isa = PBXFileReference; lastKnownFileType = text.plist.xml; path = Info.plist; sourceTree = "<group>"; };
		7FE09536212E9B4300E1F498 /* main.m */ = {isa = PBXFileReference; lastKnownFileType = sourcecode.c.objc; path = main.m; sourceTree = "<group>"; };
		7FE0953C212E9B4300E1F498 /* suanfaDemoTests.xctest */ = {isa = PBXFileReference; explicitFileType = wrapper.cfbundle; includeInIndex = 0; path = suanfaDemoTests.xctest; sourceTree = BUILT_PRODUCTS_DIR; };
		7FE09540212E9B4300E1F498 /* suanfaDemoTests.m */ = {isa = PBXFileReference; lastKnownFileType = sourcecode.c.objc; path = suanfaDemoTests.m; sourceTree = "<group>"; };
		7FE09542212E9B4300E1F498 /* Info.plist */ = {isa = PBXFileReference; lastKnownFileType = text.plist.xml; path = Info.plist; sourceTree = "<group>"; };
		7FE09547212E9B4300E1F498 /* suanfaDemoUITests.xctest */ = {isa = PBXFileReference; explicitFileType = wrapper.cfbundle; includeInIndex = 0; path = suanfaDemoUITests.xctest; sourceTree = BUILT_PRODUCTS_DIR; };
		7FE0954B212E9B4300E1F498 /* suanfaDemoUITests.m */ = {isa = PBXFileReference; lastKnownFileType = sourcecode.c.objc; path = suanfaDemoUITests.m; sourceTree = "<group>"; };
		7FE0954D212E9B4300E1F498 /* Info.plist */ = {isa = PBXFileReference; lastKnownFileType = text.plist.xml; path = Info.plist; sourceTree = "<group>"; };
/* End PBXFileReference section */

/* Begin PBXFrameworksBuildPhase section */
		7FE09521212E9B4100E1F498 /* Frameworks */ = {
			isa = PBXFrameworksBuildPhase;
			buildActionMask = 2147483647;
			files = (
			);
			runOnlyForDeploymentPostprocessing = 0;
		};
		7FE09539212E9B4300E1F498 /* Frameworks */ = {
			isa = PBXFrameworksBuildPhase;
			buildActionMask = 2147483647;
			files = (
			);
			runOnlyForDeploymentPostprocessing = 0;
		};
		7FE09544212E9B4300E1F498 /* Frameworks */ = {
			isa = PBXFrameworksBuildPhase;
			buildActionMask = 2147483647;
			files = (
			);
			runOnlyForDeploymentPostprocessing = 0;
		};
/* End PBXFrameworksBuildPhase section */

/* Begin PBXGroup section */
		7FBC56B5212FA47400632EE2 /* zuoyePng */ = {
			isa = PBXGroup;
			children = (
				7FBC56B6212FA47400632EE2 /* two.png */,
			);
			path = zuoyePng;
			sourceTree = "<group>";
		};
		7FE0951B212E9B4100E1F498 = {
			isa = PBXGroup;
			children = (
				7FE09526212E9B4100E1F498 /* suanfaDemo */,
				7FE0953F212E9B4300E1F498 /* suanfaDemoTests */,
				7FE0954A212E9B4300E1F498 /* suanfaDemoUITests */,
				7FE09525212E9B4100E1F498 /* Products */,
			);
			sourceTree = "<group>";
		};
		7FE09525212E9B4100E1F498 /* Products */ = {
			isa = PBXGroup;
			children = (
				7FE09524212E9B4100E1F498 /* suanfaDemo.app */,
				7FE0953C212E9B4300E1F498 /* suanfaDemoTests.xctest */,
				7FE09547212E9B4300E1F498 /* suanfaDemoUITests.xctest */,
			);
			name = Products;
			sourceTree = "<group>";
		};
		7FE09526212E9B4100E1F498 /* suanfaDemo */ = {
			isa = PBXGroup;
			children = (
				7FE09527212E9B4100E1F498 /* AppDelegate.h */,
				7FE09528212E9B4100E1F498 /* AppDelegate.m */,
				7FE0952A212E9B4100E1F498 /* ViewController.h */,
				7FE0952B212E9B4100E1F498 /* ViewController.m */,
				7FBC56BA212FA5D800632EE2 /* OneViewController.h */,
				7FBC56BB212FA5D800632EE2 /* OneViewController.m */,
				7FBC56B2212FA40700632EE2 /* TwoViewController.h */,
				7FBC56B3212FA40700632EE2 /* TwoViewController.m */,
				7F6549E62133A6E300A92C00 /* ThreeViewController.h */,
				7F6549E72133A6E300A92C00 /* ThreeViewController.m */,
				7F36B64B213501B8000B719E /* FourViewController.h */,
				7F36B64C213501B8000B719E /* FourViewController.m */,
				7F7389FC21368A63004AB820 /* FiveViewController.h */,
				7F7389FD21368A63004AB820 /* FiveViewController.m */,
				7FB08CE12137E8E700F37F19 /* SixViewController.h */,
				7FB08CE22137E8E700F37F19 /* SixViewController.m */,
				7F9D037A213924600025366C /* SevenViewController.h */,
				7F9D037B213924600025366C /* SevenViewController.m */,
				7F08DA84213D0C57001C3331 /* EightViewController.h */,
				7F08DA85213D0C57001C3331 /* EightViewController.m */,
				7F538D1A213E56B3007AAAA6 /* NineViewController.h */,
				7F538D1B213E56B3007AAAA6 /* NineViewController.m */,
				7F95750F213F9CD9006FB414 /* TenViewController.h */,
				7F957510213F9CD9006FB414 /* TenViewController.m */,
				7F65F6002140C9AB00D4923F /* ElevenViewController.h */,
				7F65F6012140C9AB00D4923F /* ElevenViewController.m */,
				7F01D5E921421CF2003DE8AC /* TwelveViewController.h */,
				7F01D5EA21421CF2003DE8AC /* TwelveViewController.m */,
				7F344CF7214655670082CBA0 /* Thirteen ViewController.h */,
				7F344CF8214655670082CBA0 /* Thirteen ViewController.m */,
				7F865ACF21479D5200B6CC6A /* FourteenViewController.h */,
				7F865AD021479D5200B6CC6A /* FourteenViewController.m */,
				7F865AD221479ECD00B6CC6A /* FifteenViewController.h */,
				7F865AD321479ECD00B6CC6A /* FifteenViewController.m */,
				7F4F4F0B2148F92400993AEF /* SixteenViewController.h */,
				7F4F4F0C2148F92400993AEF /* SixteenViewController.m */,
				7F7DF3BF214A33BD007AB36E /* SeventeenViewController.h */,
				7F7DF3C0214A33BD007AB36E /* SeventeenViewController.m */,
				7F7DF3C2214A4139007AB36E /* Seventeen_1ViewController.h */,
				7F7DF3C3214A4139007AB36E /* Seventeen_1ViewController.m */,
				7FAA9585214B8DB1006A80BA /* EighteenViewController.h */,
				7FAA9586214B8DB1006A80BA /* EighteenViewController.m */,
				7FAA9588214BB51D006A80BA /* Eighteen_1ViewController.h */,
				7FAA9589214BB51D006A80BA /* Eighteen_1ViewController.m */,
				7F706D34214F71DA0033C069 /* NineteenViewController.h */,
				7F706D35214F71DA0033C069 /* NineteenViewController.m */,
				7F706D37214F7C8B0033C069 /* Nineteen_1ViewController.h */,
				7F706D38214F7C8B0033C069 /* Nineteen_1ViewController.m */,
				7F9D039921509B4F0087818E /* TwentyViewController.h */,
				7F9D039A21509B4F0087818E /* TwentyViewController.m */,
				7FAA6347215221CC003AF9E3 /* Twenty_1ViewController.h */,
				7FAA6348215221CC003AF9E3 /* Twenty_1ViewController.m */,
				7FB72DE6215348B400A0CA88 /* TwentyoneViewController.h */,
				7FB72DE7215348B400A0CA88 /* TwentyoneViewController.m */,
				7FB72DE921537A2800A0CA88 /* Twentyone1ViewController.h */,
				7FB72DEA21537A2800A0CA88 /* Twentyone1ViewController.m */,
				7F4FF7EC21549BB4001F9329 /* TwenrtytwoViewController.h */,
				7F4FF7ED21549BB4001F9329 /* TwenrtytwoViewController.m */,
				7F5D04BC2159FD60000A9343 /* TwenrtythreeViewController.h */,
				7F5D04BD2159FD60000A9343 /* TwenrtythreeViewController.m */,
				7F5D04C0215A23B1000A9343 /* Twenrtythree1ViewController.h */,
				7F5D04C1215A23B1000A9343 /* Twenrtythree1ViewController.m */,
				7FC3A481215B555B00468A79 /* TwenrtyfourViewController.h */,
				7FC3A482215B555B00468A79 /* TwenrtyfourViewController.m */,
				7F1991BD215CB598002A4A73 /* TwenrtyfiveViewController.h */,
				7F1991BE215CB598002A4A73 /* TwenrtyfiveViewController.m */,
				7F08DA87213D0C8F001C3331 /* ThreeModel.h */,
				7F08DA88213D0C8F001C3331 /* ThreeModel.m */,
				7FBC56B5212FA47400632EE2 /* zuoyePng */,
				7FE0952D212E9B4100E1F498 /* Main.storyboard */,
				7FE09530212E9B4300E1F498 /* Assets.xcassets */,
				7FE09532212E9B4300E1F498 /* LaunchScreen.storyboard */,
				7FE09535212E9B4300E1F498 /* Info.plist */,
				7FE09536212E9B4300E1F498 /* main.m */,
			);
			path = suanfaDemo;
			sourceTree = "<group>";
		};
		7FE0953F212E9B4300E1F498 /* suanfaDemoTests */ = {
			isa = PBXGroup;
			children = (
				7FE09540212E9B4300E1F498 /* suanfaDemoTests.m */,
				7FE09542212E9B4300E1F498 /* Info.plist */,
			);
			path = suanfaDemoTests;
			sourceTree = "<group>";
		};
		7FE0954A212E9B4300E1F498 /* suanfaDemoUITests */ = {
			isa = PBXGroup;
			children = (
				7FE0954B212E9B4300E1F498 /* suanfaDemoUITests.m */,
				7FE0954D212E9B4300E1F498 /* Info.plist */,
			);
			path = suanfaDemoUITests;
			sourceTree = "<group>";
		};
/* End PBXGroup section */

/* Begin PBXNativeTarget section */
		7FE09523212E9B4100E1F498 /* suanfaDemo */ = {
			isa = PBXNativeTarget;
			buildConfigurationList = 7FE09550212E9B4300E1F498 /* Build configuration list for PBXNativeTarget "suanfaDemo" */;
			buildPhases = (
				7FE09520212E9B4100E1F498 /* Sources */,
				7FE09521212E9B4100E1F498 /* Frameworks */,
				7FE09522212E9B4100E1F498 /* Resources */,
			);
			buildRules = (
			);
			dependencies = (
			);
			name = suanfaDemo;
			productName = suanfaDemo;
			productReference = 7FE09524212E9B4100E1F498 /* suanfaDemo.app */;
			productType = "com.apple.product-type.application";
		};
		7FE0953B212E9B4300E1F498 /* suanfaDemoTests */ = {
			isa = PBXNativeTarget;
			buildConfigurationList = 7FE09553212E9B4300E1F498 /* Build configuration list for PBXNativeTarget "suanfaDemoTests" */;
			buildPhases = (
				7FE09538212E9B4300E1F498 /* Sources */,
				7FE09539212E9B4300E1F498 /* Frameworks */,
				7FE0953A212E9B4300E1F498 /* Resources */,
			);
			buildRules = (
			);
			dependencies = (
				7FE0953E212E9B4300E1F498 /* PBXTargetDependency */,
			);
			name = suanfaDemoTests;
			productName = suanfaDemoTests;
			productReference = 7FE0953C212E9B4300E1F498 /* suanfaDemoTests.xctest */;
			productType = "com.apple.product-type.bundle.unit-test";
		};
		7FE09546212E9B4300E1F498 /* suanfaDemoUITests */ = {
			isa = PBXNativeTarget;
			buildConfigurationList = 7FE09556212E9B4300E1F498 /* Build configuration list for PBXNativeTarget "suanfaDemoUITests" */;
			buildPhases = (
				7FE09543212E9B4300E1F498 /* Sources */,
				7FE09544212E9B4300E1F498 /* Frameworks */,
				7FE09545212E9B4300E1F498 /* Resources */,
			);
			buildRules = (
			);
			dependencies = (
				7FE09549212E9B4300E1F498 /* PBXTargetDependency */,
			);
			name = suanfaDemoUITests;
			productName = suanfaDemoUITests;
			productReference = 7FE09547212E9B4300E1F498 /* suanfaDemoUITests.xctest */;
			productType = "com.apple.product-type.bundle.ui-testing";
		};
/* End PBXNativeTarget section */

/* Begin PBXProject section */
		7FE0951C212E9B4100E1F498 /* Project object */ = {
			isa = PBXProject;
			attributes = {
				LastUpgradeCheck = 0940;
				ORGANIZATIONNAME = sjt;
				TargetAttributes = {
					7FE09523212E9B4100E1F498 = {
						CreatedOnToolsVersion = 9.4.1;
					};
					7FE0953B212E9B4300E1F498 = {
						CreatedOnToolsVersion = 9.4.1;
						TestTargetID = 7FE09523212E9B4100E1F498;
					};
					7FE09546212E9B4300E1F498 = {
						CreatedOnToolsVersion = 9.4.1;
						TestTargetID = 7FE09523212E9B4100E1F498;
					};
				};
			};
			buildConfigurationList = 7FE0951F212E9B4100E1F498 /* Build configuration list for PBXProject "suanfaDemo" */;
			compatibilityVersion = "Xcode 9.3";
			developmentRegion = en;
			hasScannedForEncodings = 0;
			knownRegions = (
				en,
				Base,
			);
			mainGroup = 7FE0951B212E9B4100E1F498;
			productRefGroup = 7FE09525212E9B4100E1F498 /* Products */;
			projectDirPath = "";
			projectRoot = "";
			targets = (
				7FE09523212E9B4100E1F498 /* suanfaDemo */,
				7FE0953B212E9B4300E1F498 /* suanfaDemoTests */,
				7FE09546212E9B4300E1F498 /* suanfaDemoUITests */,
			);
		};
/* End PBXProject section */

/* Begin PBXResourcesBuildPhase section */
		7FE09522212E9B4100E1F498 /* Resources */ = {
			isa = PBXResourcesBuildPhase;
			buildActionMask = 2147483647;
			files = (
				7FBC56B8212FA47400632EE2 /* two.png in Resources */,
				7FE09534212E9B4300E1F498 /* LaunchScreen.storyboard in Resources */,
				7FE09531212E9B4300E1F498 /* Assets.xcassets in Resources */,
				7FE0952F212E9B4100E1F498 /* Main.storyboard in Resources */,
			);
			runOnlyForDeploymentPostprocessing = 0;
		};
		7FE0953A212E9B4300E1F498 /* Resources */ = {
			isa = PBXResourcesBuildPhase;
			buildActionMask = 2147483647;
			files = (
			);
			runOnlyForDeploymentPostprocessing = 0;
		};
		7FE09545212E9B4300E1F498 /* Resources */ = {
			isa = PBXResourcesBuildPhase;
			buildActionMask = 2147483647;
			files = (
			);
			runOnlyForDeploymentPostprocessing = 0;
		};
/* End PBXResourcesBuildPhase section */

/* Begin PBXSourcesBuildPhase section */
		7FE09520212E9B4100E1F498 /* Sources */ = {
			isa = PBXSourcesBuildPhase;
			buildActionMask = 2147483647;
			files = (
				7F957511213F9CD9006FB414 /* TenViewController.m in Sources */,
				7FAA6349215221CC003AF9E3 /* Twenty_1ViewController.m in Sources */,
				7FAA9587214B8DB1006A80BA /* EighteenViewController.m in Sources */,
				7F706D39214F7C8B0033C069 /* Nineteen_1ViewController.m in Sources */,
				7F7389FE21368A63004AB820 /* FiveViewController.m in Sources */,
				7F7DF3C4214A4139007AB36E /* Seventeen_1ViewController.m in Sources */,
				7FB08CE32137E8E700F37F19 /* SixViewController.m in Sources */,
				7F36B64D213501B8000B719E /* FourViewController.m in Sources */,
				7F865AD121479D5200B6CC6A /* FourteenViewController.m in Sources */,
				7F1991BF215CB598002A4A73 /* TwenrtyfiveViewController.m in Sources */,
				7FE0952C212E9B4100E1F498 /* ViewController.m in Sources */,
				7FC3A483215B555B00468A79 /* TwenrtyfourViewController.m in Sources */,
				7F08DA86213D0C57001C3331 /* EightViewController.m in Sources */,
				7F5D04BE2159FD60000A9343 /* TwenrtythreeViewController.m in Sources */,
				7FBC56BC212FA5D800632EE2 /* OneViewController.m in Sources */,
				7F01D5EB21421CF2003DE8AC /* TwelveViewController.m in Sources */,
				7FE09537212E9B4300E1F498 /* main.m in Sources */,
				7F5D04C2215A23B1000A9343 /* Twenrtythree1ViewController.m in Sources */,
				7F9D037C213924600025366C /* SevenViewController.m in Sources */,
				7F4FF7EE21549BB4001F9329 /* TwenrtytwoViewController.m in Sources */,
				7FAA958A214BB51D006A80BA /* Eighteen_1ViewController.m in Sources */,
				7F9D039B21509B4F0087818E /* TwentyViewController.m in Sources */,
				7F08DA89213D0C8F001C3331 /* ThreeModel.m in Sources */,
				7F65F6022140C9AB00D4923F /* ElevenViewController.m in Sources */,
				7F6549E82133A6E300A92C00 /* ThreeViewController.m in Sources */,
				7FE09529212E9B4100E1F498 /* AppDelegate.m in Sources */,
				7F706D36214F71DA0033C069 /* NineteenViewController.m in Sources */,
				7F4F4F0D2148F92400993AEF /* SixteenViewController.m in Sources */,
				7F538D1C213E56B3007AAAA6 /* NineViewController.m in Sources */,
				7F344CF9214655670082CBA0 /* Thirteen ViewController.m in Sources */,
				7FB72DE8215348B400A0CA88 /* TwentyoneViewController.m in Sources */,
				7FB72DEB21537A2800A0CA88 /* Twentyone1ViewController.m in Sources */,
				7F865AD421479ECD00B6CC6A /* FifteenViewController.m in Sources */,
				7F7DF3C1214A33BD007AB36E /* SeventeenViewController.m in Sources */,
				7FBC56B4212FA40700632EE2 /* TwoViewController.m in Sources */,
			);
			runOnlyForDeploymentPostprocessing = 0;
		};
		7FE09538212E9B4300E1F498 /* Sources */ = {
			isa = PBXSourcesBuildPhase;
			buildActionMask = 2147483647;
			files = (
				7FE09541212E9B4300E1F498 /* suanfaDemoTests.m in Sources */,
			);
			runOnlyForDeploymentPostprocessing = 0;
		};
		7FE09543212E9B4300E1F498 /* Sources */ = {
			isa = PBXSourcesBuildPhase;
			buildActionMask = 2147483647;
			files = (
				7FE0954C212E9B4300E1F498 /* suanfaDemoUITests.m in Sources */,
			);
			runOnlyForDeploymentPostprocessing = 0;
		};
/* End PBXSourcesBuildPhase section */

/* Begin PBXTargetDependency section */
		7FE0953E212E9B4300E1F498 /* PBXTargetDependency */ = {
			isa = PBXTargetDependency;
			target = 7FE09523212E9B4100E1F498 /* suanfaDemo */;
			targetProxy = 7FE0953D212E9B4300E1F498 /* PBXContainerItemProxy */;
		};
		7FE09549212E9B4300E1F498 /* PBXTargetDependency */ = {
			isa = PBXTargetDependency;
			target = 7FE09523212E9B4100E1F498 /* suanfaDemo */;
			targetProxy = 7FE09548212E9B4300E1F498 /* PBXContainerItemProxy */;
		};
/* End PBXTargetDependency section */

/* Begin PBXVariantGroup section */
		7FE0952D212E9B4100E1F498 /* Main.storyboard */ = {
			isa = PBXVariantGroup;
			children = (
				7FE0952E212E9B4100E1F498 /* Base */,
			);
			name = Main.storyboard;
			sourceTree = "<group>";
		};
		7FE09532212E9B4300E1F498 /* LaunchScreen.storyboard */ = {
			isa = PBXVariantGroup;
			children = (
				7FE09533212E9B4300E1F498 /* Base */,
			);
			name = LaunchScreen.storyboard;
			sourceTree = "<group>";
		};
/* End PBXVariantGroup section */

/* Begin XCBuildConfiguration section */
		7FE0954E212E9B4300E1F498 /* Debug */ = {
			isa = XCBuildConfiguration;
			buildSettings = {
				ALWAYS_SEARCH_USER_PATHS = NO;
				CLANG_ANALYZER_NONNULL = YES;
				CLANG_ANALYZER_NUMBER_OBJECT_CONVERSION = YES_AGGRESSIVE;
				CLANG_CXX_LANGUAGE_STANDARD = "gnu++14";
				CLANG_CXX_LIBRARY = "libc++";
				CLANG_ENABLE_MODULES = YES;
				CLANG_ENABLE_OBJC_ARC = YES;
				CLANG_ENABLE_OBJC_WEAK = YES;
				CLANG_WARN_BLOCK_CAPTURE_AUTORELEASING = YES;
				CLANG_WARN_BOOL_CONVERSION = YES;
				CLANG_WARN_COMMA = YES;
				CLANG_WARN_CONSTANT_CONVERSION = YES;
				CLANG_WARN_DEPRECATED_OBJC_IMPLEMENTATIONS = YES;
				CLANG_WARN_DIRECT_OBJC_ISA_USAGE = YES_ERROR;
				CLANG_WARN_DOCUMENTATION_COMMENTS = YES;
				CLANG_WARN_EMPTY_BODY = YES;
				CLANG_WARN_ENUM_CONVERSION = YES;
				CLANG_WARN_INFINITE_RECURSION = YES;
				CLANG_WARN_INT_CONVERSION = YES;
				CLANG_WARN_NON_LITERAL_NULL_CONVERSION = YES;
				CLANG_WARN_OBJC_IMPLICIT_RETAIN_SELF = YES;
				CLANG_WARN_OBJC_LITERAL_CONVERSION = YES;
				CLANG_WARN_OBJC_ROOT_CLASS = YES_ERROR;
				CLANG_WARN_RANGE_LOOP_ANALYSIS = YES;
				CLANG_WARN_STRICT_PROTOTYPES = YES;
				CLANG_WARN_SUSPICIOUS_MOVE = YES;
				CLANG_WARN_UNGUARDED_AVAILABILITY = YES_AGGRESSIVE;
				CLANG_WARN_UNREACHABLE_CODE = YES;
				CLANG_WARN__DUPLICATE_METHOD_MATCH = YES;
				CODE_SIGN_IDENTITY = "iPhone Developer";
				COPY_PHASE_STRIP = NO;
				DEBUG_INFORMATION_FORMAT = dwarf;
				ENABLE_STRICT_OBJC_MSGSEND = YES;
				ENABLE_TESTABILITY = YES;
				GCC_C_LANGUAGE_STANDARD = gnu11;
				GCC_DYNAMIC_NO_PIC = NO;
				GCC_NO_COMMON_BLOCKS = YES;
				GCC_OPTIMIZATION_LEVEL = 0;
				GCC_PREPROCESSOR_DEFINITIONS = (
					"DEBUG=1",
					"$(inherited)",
				);
				GCC_WARN_64_TO_32_BIT_CONVERSION = YES;
				GCC_WARN_ABOUT_RETURN_TYPE = YES_ERROR;
				GCC_WARN_UNDECLARED_SELECTOR = YES;
				GCC_WARN_UNINITIALIZED_AUTOS = YES_AGGRESSIVE;
				GCC_WARN_UNUSED_FUNCTION = YES;
				GCC_WARN_UNUSED_VARIABLE = YES;
				IPHONEOS_DEPLOYMENT_TARGET = 11.4;
				MTL_ENABLE_DEBUG_INFO = YES;
				ONLY_ACTIVE_ARCH = YES;
				SDKROOT = iphoneos;
			};
			name = Debug;
		};
		7FE0954F212E9B4300E1F498 /* Release */ = {
			isa = XCBuildConfiguration;
			buildSettings = {
				ALWAYS_SEARCH_USER_PATHS = NO;
				CLANG_ANALYZER_NONNULL = YES;
				CLANG_ANALYZER_NUMBER_OBJECT_CONVERSION = YES_AGGRESSIVE;
				CLANG_CXX_LANGUAGE_STANDARD = "gnu++14";
				CLANG_CXX_LIBRARY = "libc++";
				CLANG_ENABLE_MODULES = YES;
				CLANG_ENABLE_OBJC_ARC = YES;
				CLANG_ENABLE_OBJC_WEAK = YES;
				CLANG_WARN_BLOCK_CAPTURE_AUTORELEASING = YES;
				CLANG_WARN_BOOL_CONVERSION = YES;
				CLANG_WARN_COMMA = YES;
				CLANG_WARN_CONSTANT_CONVERSION = YES;
				CLANG_WARN_DEPRECATED_OBJC_IMPLEMENTATIONS = YES;
				CLANG_WARN_DIRECT_OBJC_ISA_USAGE = YES_ERROR;
				CLANG_WARN_DOCUMENTATION_COMMENTS = YES;
				CLANG_WARN_EMPTY_BODY = YES;
				CLANG_WARN_ENUM_CONVERSION = YES;
				CLANG_WARN_INFINITE_RECURSION = YES;
				CLANG_WARN_INT_CONVERSION = YES;
				CLANG_WARN_NON_LITERAL_NULL_CONVERSION = YES;
				CLANG_WARN_OBJC_IMPLICIT_RETAIN_SELF = YES;
				CLANG_WARN_OBJC_LITERAL_CONVERSION = YES;
				CLANG_WARN_OBJC_ROOT_CLASS = YES_ERROR;
				CLANG_WARN_RANGE_LOOP_ANALYSIS = YES;
				CLANG_WARN_STRICT_PROTOTYPES = YES;
				CLANG_WARN_SUSPICIOUS_MOVE = YES;
				CLANG_WARN_UNGUARDED_AVAILABILITY = YES_AGGRESSIVE;
				CLANG_WARN_UNREACHABLE_CODE = YES;
				CLANG_WARN__DUPLICATE_METHOD_MATCH = YES;
				CODE_SIGN_IDENTITY = "iPhone Developer";
				COPY_PHASE_STRIP = NO;
				DEBUG_INFORMATION_FORMAT = "dwarf-with-dsym";
				ENABLE_NS_ASSERTIONS = NO;
				ENABLE_STRICT_OBJC_MSGSEND = YES;
				GCC_C_LANGUAGE_STANDARD = gnu11;
				GCC_NO_COMMON_BLOCKS = YES;
				GCC_WARN_64_TO_32_BIT_CONVERSION = YES;
				GCC_WARN_ABOUT_RETURN_TYPE = YES_ERROR;
				GCC_WARN_UNDECLARED_SELECTOR = YES;
				GCC_WARN_UNINITIALIZED_AUTOS = YES_AGGRESSIVE;
				GCC_WARN_UNUSED_FUNCTION = YES;
				GCC_WARN_UNUSED_VARIABLE = YES;
				IPHONEOS_DEPLOYMENT_TARGET = 11.4;
				MTL_ENABLE_DEBUG_INFO = NO;
				SDKROOT = iphoneos;
				VALIDATE_PRODUCT = YES;
			};
			name = Release;
		};
		7FE09551212E9B4300E1F498 /* Debug */ = {
			isa = XCBuildConfiguration;
			buildSettings = {
				ASSETCATALOG_COMPILER_APPICON_NAME = AppIcon;
				CODE_SIGN_STYLE = Automatic;
				INFOPLIST_FILE = suanfaDemo/Info.plist;
				LD_RUNPATH_SEARCH_PATHS = (
					"$(inherited)",
					"@executable_path/Frameworks",
				);
				PRODUCT_BUNDLE_IDENTIFIER = test.suanfaDemo;
				PRODUCT_NAME = "$(TARGET_NAME)";
				TARGETED_DEVICE_FAMILY = "1,2";
			};
			name = Debug;
		};
		7FE09552212E9B4300E1F498 /* Release */ = {
			isa = XCBuildConfiguration;
			buildSettings = {
				ASSETCATALOG_COMPILER_APPICON_NAME = AppIcon;
				CODE_SIGN_STYLE = Automatic;
				INFOPLIST_FILE = suanfaDemo/Info.plist;
				LD_RUNPATH_SEARCH_PATHS = (
					"$(inherited)",
					"@executable_path/Frameworks",
				);
				PRODUCT_BUNDLE_IDENTIFIER = test.suanfaDemo;
				PRODUCT_NAME = "$(TARGET_NAME)";
				TARGETED_DEVICE_FAMILY = "1,2";
			};
			name = Release;
		};
		7FE09554212E9B4300E1F498 /* Debug */ = {
			isa = XCBuildConfiguration;
			buildSettings = {
				BUNDLE_LOADER = "$(TEST_HOST)";
				CODE_SIGN_STYLE = Automatic;
				INFOPLIST_FILE = suanfaDemoTests/Info.plist;
				LD_RUNPATH_SEARCH_PATHS = (
					"$(inherited)",
					"@executable_path/Frameworks",
					"@loader_path/Frameworks",
				);
				PRODUCT_BUNDLE_IDENTIFIER = test.suanfaDemoTests;
				PRODUCT_NAME = "$(TARGET_NAME)";
				TARGETED_DEVICE_FAMILY = "1,2";
				TEST_HOST = "$(BUILT_PRODUCTS_DIR)/suanfaDemo.app/suanfaDemo";
			};
			name = Debug;
		};
		7FE09555212E9B4300E1F498 /* Release */ = {
			isa = XCBuildConfiguration;
			buildSettings = {
				BUNDLE_LOADER = "$(TEST_HOST)";
				CODE_SIGN_STYLE = Automatic;
				INFOPLIST_FILE = suanfaDemoTests/Info.plist;
				LD_RUNPATH_SEARCH_PATHS = (
					"$(inherited)",
					"@executable_path/Frameworks",
					"@loader_path/Frameworks",
				);
				PRODUCT_BUNDLE_IDENTIFIER = test.suanfaDemoTests;
				PRODUCT_NAME = "$(TARGET_NAME)";
				TARGETED_DEVICE_FAMILY = "1,2";
				TEST_HOST = "$(BUILT_PRODUCTS_DIR)/suanfaDemo.app/suanfaDemo";
			};
			name = Release;
		};
		7FE09557212E9B4300E1F498 /* Debug */ = {
			isa = XCBuildConfiguration;
			buildSettings = {
				CODE_SIGN_STYLE = Automatic;
				INFOPLIST_FILE = suanfaDemoUITests/Info.plist;
				LD_RUNPATH_SEARCH_PATHS = (
					"$(inherited)",
					"@executable_path/Frameworks",
					"@loader_path/Frameworks",
				);
				PRODUCT_BUNDLE_IDENTIFIER = test.suanfaDemoUITests;
				PRODUCT_NAME = "$(TARGET_NAME)";
				TARGETED_DEVICE_FAMILY = "1,2";
				TEST_TARGET_NAME = suanfaDemo;
			};
			name = Debug;
		};
		7FE09558212E9B4300E1F498 /* Release */ = {
			isa = XCBuildConfiguration;
			buildSettings = {
				CODE_SIGN_STYLE = Automatic;
				INFOPLIST_FILE = suanfaDemoUITests/Info.plist;
				LD_RUNPATH_SEARCH_PATHS = (
					"$(inherited)",
					"@executable_path/Frameworks",
					"@loader_path/Frameworks",
				);
				PRODUCT_BUNDLE_IDENTIFIER = test.suanfaDemoUITests;
				PRODUCT_NAME = "$(TARGET_NAME)";
				TARGETED_DEVICE_FAMILY = "1,2";
				TEST_TARGET_NAME = suanfaDemo;
			};
			name = Release;
		};
/* End XCBuildConfiguration section */

/* Begin XCConfigurationList section */
		7FE0951F212E9B4100E1F498 /* Build configuration list for PBXProject "suanfaDemo" */ = {
			isa = XCConfigurationList;
			buildConfigurations = (
				7FE0954E212E9B4300E1F498 /* Debug */,
				7FE0954F212E9B4300E1F498 /* Release */,
			);
			defaultConfigurationIsVisible = 0;
			defaultConfigurationName = Release;
		};
		7FE09550212E9B4300E1F498 /* Build configuration list for PBXNativeTarget "suanfaDemo" */ = {
			isa = XCConfigurationList;
			buildConfigurations = (
				7FE09551212E9B4300E1F498 /* Debug */,
				7FE09552212E9B4300E1F498 /* Release */,
			);
			defaultConfigurationIsVisible = 0;
			defaultConfigurationName = Release;
		};
		7FE09553212E9B4300E1F498 /* Build configuration list for PBXNativeTarget "suanfaDemoTests" */ = {
			isa = XCConfigurationList;
			buildConfigurations = (
				7FE09554212E9B4300E1F498 /* Debug */,
				7FE09555212E9B4300E1F498 /* Release */,
			);
			defaultConfigurationIsVisible = 0;
			defaultConfigurationName = Release;
		};
		7FE09556212E9B4300E1F498 /* Build configuration list for PBXNativeTarget "suanfaDemoUITests" */ = {
			isa = XCConfigurationList;
			buildConfigurations = (
				7FE09557212E9B4300E1F498 /* Debug */,
				7FE09558212E9B4300E1F498 /* Release */,
			);
			defaultConfigurationIsVisible = 0;
			defaultConfigurationName = Release;
		};
/* End XCConfigurationList section */
	};
	rootObject = 7FE0951C212E9B4100E1F498 /* Project object */;
}
